// !$*UTF8*$!
{
	archiveVersion = 1;
	classes = {
	};
	objectVersion = 56;
	objects = {

/* Begin PBXBuildFile section */
		0EB63CD1BDE7CCE7BDEE2058 /* Pods_InstagramCloneFirebase2.framework in Frameworks */ = {isa = PBXBuildFile; fileRef = 2123BFD9986E382AA64928E3 /* Pods_InstagramCloneFirebase2.framework */; };
		D11D932629E40995001A5B45 /* FeedCell.swift in Sources */ = {isa = PBXBuildFile; fileRef = D11D932529E40995001A5B45 /* FeedCell.swift */; };
		D12EE77029E068C5009F61DC /* FeedViewController.swift in Sources */ = {isa = PBXBuildFile; fileRef = D12EE76F29E068C5009F61DC /* FeedViewController.swift */; };
		D12EE77229E068D8009F61DC /* UploadViewController.swift in Sources */ = {isa = PBXBuildFile; fileRef = D12EE77129E068D8009F61DC /* UploadViewController.swift */; };
		D12EE77429E068E5009F61DC /* SettingsViewController.swift in Sources */ = {isa = PBXBuildFile; fileRef = D12EE77329E068E5009F61DC /* SettingsViewController.swift */; };
		D1864D8629E063BF00178FF9 /* AppDelegate.swift in Sources */ = {isa = PBXBuildFile; fileRef = D1864D8529E063BF00178FF9 /* AppDelegate.swift */; };
		D1864D8829E063BF00178FF9 /* SceneDelegate.swift in Sources */ = {isa = PBXBuildFile; fileRef = D1864D8729E063BF00178FF9 /* SceneDelegate.swift */; };
		D1864D8A29E063BF00178FF9 /* ViewController.swift in Sources */ = {isa = PBXBuildFile; fileRef = D1864D8929E063BF00178FF9 /* ViewController.swift */; };
		D1864D8D29E063BF00178FF9 /* Main.storyboard in Resources */ = {isa = PBXBuildFile; fileRef = D1864D8B29E063BF00178FF9 /* Main.storyboard */; };
		D1864D8F29E063C000178FF9 /* Assets.xcassets in Resources */ = {isa = PBXBuildFile; fileRef = D1864D8E29E063C000178FF9 /* Assets.xcassets */; };
		D1864D9229E063C000178FF9 /* LaunchScreen.storyboard in Resources */ = {isa = PBXBuildFile; fileRef = D1864D9029E063C000178FF9 /* LaunchScreen.storyboard */; };
		D1864D9A29E0648B00178FF9 /* GoogleService-Info.plist in Resources */ = {isa = PBXBuildFile; fileRef = D1864D9929E0648B00178FF9 /* GoogleService-Info.plist */; };
/* End PBXBuildFile section */

/* Begin PBXFileReference section */
		2123BFD9986E382AA64928E3 /* Pods_InstagramCloneFirebase2.framework */ = {isa = PBXFileReference; explicitFileType = wrapper.framework; includeInIndex = 0; path = Pods_InstagramCloneFirebase2.framework; sourceTree = BUILT_PRODUCTS_DIR; };
		7DC3D6D765FFBC86B3A46539 /* Pods-InstagramCloneFirebase2.release.xcconfig */ = {isa = PBXFileReference; includeInIndex = 1; lastKnownFileType = text.xcconfig; name = "Pods-InstagramCloneFirebase2.release.xcconfig"; path = "Target Support Files/Pods-InstagramCloneFirebase2/Pods-InstagramCloneFirebase2.release.xcconfig"; sourceTree = "<group>"; };
		D11D932529E40995001A5B45 /* FeedCell.swift */ = {isa = PBXFileReference; lastKnownFileType = sourcecode.swift; path = FeedCell.swift; sourceTree = "<group>"; };
		D12EE76F29E068C5009F61DC /* FeedViewController.swift */ = {isa = PBXFileReference; lastKnownFileType = sourcecode.swift; path = FeedViewController.swift; sourceTree = "<group>"; };
		D12EE77129E068D8009F61DC /* UploadViewController.swift */ = {isa = PBXFileReference; lastKnownFileType = sourcecode.swift; path = UploadViewController.swift; sourceTree = "<group>"; };
		D12EE77329E068E5009F61DC /* SettingsViewController.swift */ = {isa = PBXFileReference; lastKnownFileType = sourcecode.swift; path = SettingsViewController.swift; sourceTree = "<group>"; };
		D1864D8229E063BF00178FF9 /* InstagramCloneFirebase2.app */ = {isa = PBXFileReference; explicitFileType = wrapper.application; includeInIndex = 0; path = InstagramCloneFirebase2.app; sourceTree = BUILT_PRODUCTS_DIR; };
		D1864D8529E063BF00178FF9 /* AppDelegate.swift */ = {isa = PBXFileReference; lastKnownFileType = sourcecode.swift; path = AppDelegate.swift; sourceTree = "<group>"; };
		D1864D8729E063BF00178FF9 /* SceneDelegate.swift */ = {isa = PBXFileReference; lastKnownFileType = sourcecode.swift; path = SceneDelegate.swift; sourceTree = "<group>"; };
		D1864D8929E063BF00178FF9 /* ViewController.swift */ = {isa = PBXFileReference; lastKnownFileType = sourcecode.swift; path = ViewController.swift; sourceTree = "<group>"; };
		D1864D8C29E063BF00178FF9 /* Base */ = {isa = PBXFileReference; lastKnownFileType = file.storyboard; name = Base; path = Base.lproj/Main.storyboard; sourceTree = "<group>"; };
		D1864D8E29E063C000178FF9 /* Assets.xcassets */ = {isa = PBXFileReference; lastKnownFileType = folder.assetcatalog; path = Assets.xcassets; sourceTree = "<group>"; };
		D1864D9129E063C000178FF9 /* Base */ = {isa = PBXFileReference; lastKnownFileType = file.storyboard; name = Base; path = Base.lproj/LaunchScreen.storyboard; sourceTree = "<group>"; };
		D1864D9329E063C000178FF9 /* Info.plist */ = {isa = PBXFileReference; lastKnownFileType = text.plist.xml; path = Info.plist; sourceTree = "<group>"; };
		D1864D9929E0648B00178FF9 /* GoogleService-Info.plist */ = {isa = PBXFileReference; fileEncoding = 4; lastKnownFileType = text.plist.xml; path = "GoogleService-Info.plist"; sourceTree = "<group>"; };
		D54B6B415857736F21A4B690 /* Pods-InstagramCloneFirebase2.debug.xcconfig */ = {isa = PBXFileReference; includeInIndex = 1; lastKnownFileType = text.xcconfig; name = "Pods-InstagramCloneFirebase2.debug.xcconfig"; path = "Target Support Files/Pods-InstagramCloneFirebase2/Pods-InstagramCloneFirebase2.debug.xcconfig"; sourceTree = "<group>"; };
/* End PBXFileReference section */

/* Begin PBXFrameworksBuildPhase section */
		D1864D7F29E063BF00178FF9 /* Frameworks */ = {
			isa = PBXFrameworksBuildPhase;
			buildActionMask = 2147483647;
			files = (
				0EB63CD1BDE7CCE7BDEE2058 /* Pods_InstagramCloneFirebase2.framework in Frameworks */,
			);
			runOnlyForDeploymentPostprocessing = 0;
		};
/* End PBXFrameworksBuildPhase section */

/* Begin PBXGroup section */
		6DF0C1E78B1903C37EF550F2 /* Pods */ = {
			isa = PBXGroup;
			children = (
				D54B6B415857736F21A4B690 /* Pods-InstagramCloneFirebase2.debug.xcconfig */,
				7DC3D6D765FFBC86B3A46539 /* Pods-InstagramCloneFirebase2.release.xcconfig */,
			);
			path = Pods;
			sourceTree = "<group>";
		};
		D1864D7929E063BF00178FF9 = {
			isa = PBXGroup;
			children = (
				D1864D8429E063BF00178FF9 /* InstagramCloneFirebase2 */,
				D1864D8329E063BF00178FF9 /* Products */,
				6DF0C1E78B1903C37EF550F2 /* Pods */,
				EEE9552525226324AA53667F /* Frameworks */,
			);
			sourceTree = "<group>";
		};
		D1864D8329E063BF00178FF9 /* Products */ = {
			isa = PBXGroup;
			children = (
				D1864D8229E063BF00178FF9 /* InstagramCloneFirebase2.app */,
			);
			name = Products;
			sourceTree = "<group>";
		};
		D1864D8429E063BF00178FF9 /* InstagramCloneFirebase2 */ = {
			isa = PBXGroup;
			children = (
				D1864D8529E063BF00178FF9 /* AppDelegate.swift */,
				D1864D8729E063BF00178FF9 /* SceneDelegate.swift */,
				D1864D8929E063BF00178FF9 /* ViewController.swift */,
				D12EE76F29E068C5009F61DC /* FeedViewController.swift */,
				D12EE77129E068D8009F61DC /* UploadViewController.swift */,
				D12EE77329E068E5009F61DC /* SettingsViewController.swift */,
				D11D932529E40995001A5B45 /* FeedCell.swift */,
				D1864D8B29E063BF00178FF9 /* Main.storyboard */,
				D1864D8E29E063C000178FF9 /* Assets.xcassets */,
				D1864D9029E063C000178FF9 /* LaunchScreen.storyboard */,
				D1864D9329E063C000178FF9 /* Info.plist */,
				D1864D9929E0648B00178FF9 /* GoogleService-Info.plist */,
			);
			path = InstagramCloneFirebase2;
			sourceTree = "<group>";
		};
		EEE9552525226324AA53667F /* Frameworks */ = {
			isa = PBXGroup;
			children = (
				2123BFD9986E382AA64928E3 /* Pods_InstagramCloneFirebase2.framework */,
			);
			name = Frameworks;
			sourceTree = "<group>";
		};
/* End PBXGroup section */

/* Begin PBXNativeTarget section */
		D1864D8129E063BF00178FF9 /* InstagramCloneFirebase2 */ = {
			isa = PBXNativeTarget;
			buildConfigurationList = D1864D9629E063C000178FF9 /* Build configuration list for PBXNativeTarget "InstagramCloneFirebase2" */;
			buildPhases = (
				CC11689908130D78263BB006 /* [CP] Check Pods Manifest.lock */,
				D1864D7E29E063BF00178FF9 /* Sources */,
				D1864D7F29E063BF00178FF9 /* Frameworks */,
				D1864D8029E063BF00178FF9 /* Resources */,
				2CC0DF03768524670B597A4A /* [CP] Embed Pods Frameworks */,
			);
			buildRules = (
			);
			dependencies = (
			);
			name = InstagramCloneFirebase2;
			productName = InstagramCloneFirebase2;
			productReference = D1864D8229E063BF00178FF9 /* InstagramCloneFirebase2.app */;
			productType = "com.apple.product-type.application";
		};
/* End PBXNativeTarget section */

/* Begin PBXProject section */
		D1864D7A29E063BF00178FF9 /* Project object */ = {
			isa = PBXProject;
			attributes = {
				BuildIndependentTargetsInParallel = 1;
				LastSwiftUpdateCheck = 1420;
				LastUpgradeCheck = 1420;
				TargetAttributes = {
					D1864D8129E063BF00178FF9 = {
						CreatedOnToolsVersion = 14.2;
					};
				};
			};
			buildConfigurationList = D1864D7D29E063BF00178FF9 /* Build configuration list for PBXProject "InstagramCloneFirebase2" */;
			compatibilityVersion = "Xcode 14.0";
			developmentRegion = en;
			hasScannedForEncodings = 0;
			knownRegions = (
				en,
				Base,
			);
			mainGroup = D1864D7929E063BF00178FF9;
			productRefGroup = D1864D8329E063BF00178FF9 /* Products */;
			projectDirPath = "";
			projectRoot = "";
			targets = (
				D1864D8129E063BF00178FF9 /* InstagramCloneFirebase2 */,
			);
		};
/* End PBXProject section */

/* Begin PBXResourcesBuildPhase section */
		D1864D8029E063BF00178FF9 /* Resources */ = {
			isa = PBXResourcesBuildPhase;
			buildActionMask = 2147483647;
			files = (
				D1864D9229E063C000178FF9 /* LaunchScreen.storyboard in Resources */,
				D1864D9A29E0648B00178FF9 /* GoogleService-Info.plist in Resources */,
				D1864D8F29E063C000178FF9 /* Assets.xcassets in Resources */,
				D1864D8D29E063BF00178FF9 /* Main.storyboard in Resources */,
			);
			runOnlyForDeploymentPostprocessing = 0;
		};
/* End PBXResourcesBuildPhase section */

/* Begin PBXShellScriptBuildPhase section */
		2CC0DF03768524670B597A4A /* [CP] Embed Pods Frameworks */ = {
			isa = PBXShellScriptBuildPhase;
			buildActionMask = 2147483647;
			files = (
			);
			inputFileListPaths = (
				"${PODS_ROOT}/Target Support Files/Pods-InstagramCloneFirebase2/Pods-InstagramCloneFirebase2-frameworks-${CONFIGURATION}-input-files.xcfilelist",
			);
			name = "[CP] Embed Pods Frameworks";
			outputFileListPaths = (
				"${PODS_ROOT}/Target Support Files/Pods-InstagramCloneFirebase2/Pods-InstagramCloneFirebase2-frameworks-${CONFIGURATION}-output-files.xcfilelist",
			);
			runOnlyForDeploymentPostprocessing = 0;
			shellPath = /bin/sh;
			shellScript = "\"${PODS_ROOT}/Target Support Files/Pods-InstagramCloneFirebase2/Pods-InstagramCloneFirebase2-frameworks.sh\"\n";
			showEnvVarsInLog = 0;
		};
		CC11689908130D78263BB006 /* [CP] Check Pods Manifest.lock */ = {
			isa = PBXShellScriptBuildPhase;
			buildActionMask = 2147483647;
			files = (
			);
			inputFileListPaths = (
			);
			inputPaths = (
				"${PODS_PODFILE_DIR_PATH}/Podfile.lock",
				"${PODS_ROOT}/Manifest.lock",
			);
			name = "[CP] Check Pods Manifest.lock";
			outputFileListPaths = (
			);
			outputPaths = (
				"$(DERIVED_FILE_DIR)/Pods-InstagramCloneFirebase2-checkManifestLockResult.txt",
			);
			runOnlyForDeploymentPostprocessing = 0;
			shellPath = /bin/sh;
			shellScript = "diff \"${PODS_PODFILE_DIR_PATH}/Podfile.lock\" \"${PODS_ROOT}/Manifest.lock\" > /dev/null\nif [ $? != 0 ] ; then\n    # print error to STDERR\n    echo \"error: The sandbox is not in sync with the Podfile.lock. Run 'pod install' or update your CocoaPods installation.\" >&2\n    exit 1\nfi\n# This output is used by Xcode 'outputs' to avoid re-running this script phase.\necho \"SUCCESS\" > \"${SCRIPT_OUTPUT_FILE_0}\"\n";
			showEnvVarsInLog = 0;
		};
/* End PBXShellScriptBuildPhase section */

/* Begin PBXSourcesBuildPhase section */
		D1864D7E29E063BF00178FF9 /* Sources */ = {
			isa = PBXSourcesBuildPhase;
			buildActionMask = 2147483647;
			files = (
				D11D932629E40995001A5B45 /* FeedCell.swift in Sources */,
				D1864D8A29E063BF00178FF9 /* ViewController.swift in Sources */,
				D12EE77229E068D8009F61DC /* UploadViewController.swift in Sources */,
				D1864D8629E063BF00178FF9 /* AppDelegate.swift in Sources */,
				D12EE77029E068C5009F61DC /* FeedViewController.swift in Sources */,
				D1864D8829E063BF00178FF9 /* SceneDelegate.swift in Sources */,
				D12EE77429E068E5009F61DC /* SettingsViewController.swift in Sources */,
			);
			runOnlyForDeploymentPostprocessing = 0;
		};
/* End PBXSourcesBuildPhase section */

/* Begin PBXVariantGroup section */
		D1864D8B29E063BF00178FF9 /* Main.storyboard */ = {
			isa = PBXVariantGroup;
			children = (
				D1864D8C29E063BF00178FF9 /* Base */,
			);
			name = Main.storyboard;
			sourceTree = "<group>";
		};
		D1864D9029E063C000178FF9 /* LaunchScreen.storyboard */ = {
			isa = PBXVariantGroup;
			children = (
				D1864D9129E063C000178FF9 /* Base */,
			);
			name = LaunchScreen.storyboard;
			sourceTree = "<group>";
		};
/* End PBXVariantGroup section */

/* Begin XCBuildConfiguration section */
		D1864D9429E063C000178FF9 /* Debug */ = {
			isa = XCBuildConfiguration;
			buildSettings = {
				ALWAYS_SEARCH_USER_PATHS = NO;
				CLANG_ANALYZER_NONNULL = YES;
				CLANG_ANALYZER_NUMBER_OBJECT_CONVERSION = YES_AGGRESSIVE;
				CLANG_CXX_LANGUAGE_STANDARD = "gnu++20";
				CLANG_ENABLE_MODULES = YES;
				CLANG_ENABLE_OBJC_ARC = YES;
				CLANG_ENABLE_OBJC_WEAK = YES;
				CLANG_WARN_BLOCK_CAPTURE_AUTORELEASING = YES;
				CLANG_WARN_BOOL_CONVERSION = YES;
				CLANG_WARN_COMMA = YES;
				CLANG_WARN_CONSTANT_CONVERSION = YES;
				CLANG_WARN_DEPRECATED_OBJC_IMPLEMENTATIONS = YES;
				CLANG_WARN_DIRECT_OBJC_ISA_USAGE = YES_ERROR;
				CLANG_WARN_DOCUMENTATION_COMMENTS = YES;
				CLANG_WARN_EMPTY_BODY = YES;
				CLANG_WARN_ENUM_CONVERSION = YES;
				CLANG_WARN_INFINITE_RECURSION = YES;
				CLANG_WARN_INT_CONVERSION = YES;
				CLANG_WARN_NON_LITERAL_NULL_CONVERSION = YES;
				CLANG_WARN_OBJC_IMPLICIT_RETAIN_SELF = YES;
				CLANG_WARN_OBJC_LITERAL_CONVERSION = YES;
				CLANG_WARN_OBJC_ROOT_CLASS = YES_ERROR;
				CLANG_WARN_QUOTED_INCLUDE_IN_FRAMEWORK_HEADER = YES;
				CLANG_WARN_RANGE_LOOP_ANALYSIS = YES;
				CLANG_WARN_STRICT_PROTOTYPES = YES;
				CLANG_WARN_SUSPICIOUS_MOVE = YES;
				CLANG_WARN_UNGUARDED_AVAILABILITY = YES_AGGRESSIVE;
				CLANG_WARN_UNREACHABLE_CODE = YES;
				CLANG_WARN__DUPLICATE_METHOD_MATCH = YES;
				COPY_PHASE_STRIP = NO;
				DEBUG_INFORMATION_FORMAT = dwarf;
				ENABLE_STRICT_OBJC_MSGSEND = YES;
				ENABLE_TESTABILITY = YES;
				GCC_C_LANGUAGE_STANDARD = gnu11;
				GCC_DYNAMIC_NO_PIC = NO;
				GCC_NO_COMMON_BLOCKS = YES;
				GCC_OPTIMIZATION_LEVEL = 0;
				GCC_PREPROCESSOR_DEFINITIONS = (
					"DEBUG=1",
					"$(inherited)",
				);
				GCC_WARN_64_TO_32_BIT_CONVERSION = YES;
				GCC_WARN_ABOUT_RETURN_TYPE = YES_ERROR;
				GCC_WARN_UNDECLARED_SELECTOR = YES;
				GCC_WARN_UNINITIALIZED_AUTOS = YES_AGGRESSIVE;
				GCC_WARN_UNUSED_FUNCTION = YES;
				GCC_WARN_UNUSED_VARIABLE = YES;
				IPHONEOS_DEPLOYMENT_TARGET = 16.2;
				MTL_ENABLE_DEBUG_INFO = INCLUDE_SOURCE;
				MTL_FAST_MATH = YES;
				ONLY_ACTIVE_ARCH = YES;
				SDKROOT = iphoneos;
				SWIFT_ACTIVE_COMPILATION_CONDITIONS = DEBUG;
				SWIFT_OPTIMIZATION_LEVEL = "-Onone";
			};
			name = Debug;
		};
		D1864D9529E063C000178FF9 /* Release */ = {
			isa = XCBuildConfiguration;
			buildSettings = {
				ALWAYS_SEARCH_USER_PATHS = NO;
				CLANG_ANALYZER_NONNULL = YES;
				CLANG_ANALYZER_NUMBER_OBJECT_CONVERSION = YES_AGGRESSIVE;
				CLANG_CXX_LANGUAGE_STANDARD = "gnu++20";
				CLANG_ENABLE_MODULES = YES;
				CLANG_ENABLE_OBJC_ARC = YES;
				CLANG_ENABLE_OBJC_WEAK = YES;
				CLANG_WARN_BLOCK_CAPTURE_AUTORELEASING = YES;
				CLANG_WARN_BOOL_CONVERSION = YES;
				CLANG_WARN_COMMA = YES;
				CLANG_WARN_CONSTANT_CONVERSION = YES;
				CLANG_WARN_DEPRECATED_OBJC_IMPLEMENTATIONS = YES;
				CLANG_WARN_DIRECT_OBJC_ISA_USAGE = YES_ERROR;
				CLANG_WARN_DOCUMENTATION_COMMENTS = YES;
				CLANG_WARN_EMPTY_BODY = YES;
				CLANG_WARN_ENUM_CONVERSION = YES;
				CLANG_WARN_INFINITE_RECURSION = YES;
				CLANG_WARN_INT_CONVERSION = YES;
				CLANG_WARN_NON_LITERAL_NULL_CONVERSION = YES;
				CLANG_WARN_OBJC_IMPLICIT_RETAIN_SELF = YES;
				CLANG_WARN_OBJC_LITERAL_CONVERSION = YES;
				CLANG_WARN_OBJC_ROOT_CLASS = YES_ERROR;
				CLANG_WARN_QUOTED_INCLUDE_IN_FRAMEWORK_HEADER = YES;
				CLANG_WARN_RANGE_LOOP_ANALYSIS = YES;
				CLANG_WARN_STRICT_PROTOTYPES = YES;
				CLANG_WARN_SUSPICIOUS_MOVE = YES;
				CLANG_WARN_UNGUARDED_AVAILABILITY = YES_AGGRESSIVE;
				CLANG_WARN_UNREACHABLE_CODE = YES;
				CLANG_WARN__DUPLICATE_METHOD_MATCH = YES;
				COPY_PHASE_STRIP = NO;
				DEBUG_INFORMATION_FORMAT = "dwarf-with-dsym";
				ENABLE_NS_ASSERTIONS = NO;
				ENABLE_STRICT_OBJC_MSGSEND = YES;
				GCC_C_LANGUAGE_STANDARD = gnu11;
				GCC_NO_COMMON_BLOCKS = YES;
				GCC_WARN_64_TO_32_BIT_CONVERSION = YES;
				GCC_WARN_ABOUT_RETURN_TYPE = YES_ERROR;
				GCC_WARN_UNDECLARED_SELECTOR = YES;
				GCC_WARN_UNINITIALIZED_AUTOS = YES_AGGRESSIVE;
				GCC_WARN_UNUSED_FUNCTION = YES;
				GCC_WARN_UNUSED_VARIABLE = YES;
				IPHONEOS_DEPLOYMENT_TARGET = 16.2;
				MTL_ENABLE_DEBUG_INFO = NO;
				MTL_FAST_MATH = YES;
				SDKROOT = iphoneos;
				SWIFT_COMPILATION_MODE = wholemodule;
				SWIFT_OPTIMIZATION_LEVEL = "-O";
				VALIDATE_PRODUCT = YES;
			};
			name = Release;
		};
		D1864D9729E063C000178FF9 /* Debug */ = {
			isa = XCBuildConfiguration;
			baseConfigurationReference = D54B6B415857736F21A4B690 /* Pods-InstagramCloneFirebase2.debug.xcconfig */;
			buildSettings = {
				ASSETCATALOG_COMPILER_APPICON_NAME = AppIcon;
				ASSETCATALOG_COMPILER_GLOBAL_ACCENT_COLOR_NAME = AccentColor;
				CODE_SIGN_STYLE = Automatic;
				CURRENT_PROJECT_VERSION = 1;
				DEVELOPMENT_TEAM = H75YPV3Z3N;
				GENERATE_INFOPLIST_FILE = YES;
				INFOPLIST_FILE = InstagramCloneFirebase2/Info.plist;
				INFOPLIST_KEY_UIApplicationSupportsIndirectInputEvents = YES;
				INFOPLIST_KEY_UILaunchStoryboardName = LaunchScreen;
				INFOPLIST_KEY_UIMainStoryboardFile = Main;
				INFOPLIST_KEY_UISupportedInterfaceOrientations_iPad = "UIInterfaceOrientationPortrait UIInterfaceOrientationPortraitUpsideDown UIInterfaceOrientationLandscapeLeft UIInterfaceOrientationLandscapeRight";
				INFOPLIST_KEY_UISupportedInterfaceOrientations_iPhone = "UIInterfaceOrientationPortrait UIInterfaceOrientationLandscapeLeft UIInterfaceOrientationLandscapeRight";
				LD_RUNPATH_SEARCH_PATHS = (
					"$(inherited)",
					"@executable_path/Frameworks",
				);
				MARKETING_VERSION = 1.0;
				PRODUCT_BUNDLE_IDENTIFIER = CVS.InstagramCloneFirebase2;
				PRODUCT_NAME = "$(TARGET_NAME)";
				SWIFT_EMIT_LOC_STRINGS = YES;
				SWIFT_VERSION = 5.0;
				TARGETED_DEVICE_FAMILY = "1,2";
			};
			name = Debug;
		};
		D1864D9829E063C000178FF9 /* Release */ = {
			isa = XCBuildConfiguration;
			baseConfigurationReference = 7DC3D6D765FFBC86B3A46539 /* Pods-InstagramCloneFirebase2.release.xcconfig */;
			buildSettings = {
				ASSETCATALOG_COMPILER_APPICON_NAME = AppIcon;
				ASSETCATALOG_COMPILER_GLOBAL_ACCENT_COLOR_NAME = AccentColor;
				CODE_SIGN_STYLE = Automatic;
				CURRENT_PROJECT_VERSION = 1;
				DEVELOPMENT_TEAM = H75YPV3Z3N;
				GENERATE_INFOPLIST_FILE = YES;
				INFOPLIST_FILE = InstagramCloneFirebase2/Info.plist;
				INFOPLIST_KEY_UIApplicationSupportsIndirectInputEvents = YES;
				INFOPLIST_KEY_UILaunchStoryboardName = LaunchScreen;
				INFOPLIST_KEY_UIMainStoryboardFile = Main;
				INFOPLIST_KEY_UISupportedInterfaceOrientations_iPad = "UIInterfaceOrientationPortrait UIInterfaceOrientationPortraitUpsideDown UIInterfaceOrientationLandscapeLeft UIInterfaceOrientationLandscapeRight";
				INFOPLIST_KEY_UISupportedInterfaceOrientations_iPhone = "UIInterfaceOrientationPortrait UIInterfaceOrientationLandscapeLeft UIInterfaceOrientationLandscapeRight";
				LD_RUNPATH_SEARCH_PATHS = (
					"$(inherited)",
					"@executable_path/Frameworks",
				);
				MARKETING_VERSION = 1.0;
				PRODUCT_BUNDLE_IDENTIFIER = CVS.InstagramCloneFirebase2;
				PRODUCT_NAME = "$(TARGET_NAME)";
				SWIFT_EMIT_LOC_STRINGS = YES;
				SWIFT_VERSION = 5.0;
				TARGETED_DEVICE_FAMILY = "1,2";
			};
			name = Release;
		};
/* End XCBuildConfiguration section */

/* Begin XCConfigurationList section */
		D1864D7D29E063BF00178FF9 /* Build configuration list for PBXProject "InstagramCloneFirebase2" */ = {
			isa = XCConfigurationList;
			buildConfigurations = (
				D1864D9429E063C000178FF9 /* Debug */,
				D1864D9529E063C000178FF9 /* Release */,
			);
			defaultConfigurationIsVisible = 0;
			defaultConfigurationName = Release;
		};
		D1864D9629E063C000178FF9 /* Build configuration list for PBXNativeTarget "InstagramCloneFirebase2" */ = {
			isa = XCConfigurationList;
			buildConfigurations = (
				D1864D9729E063C000178FF9 /* Debug */,
				D1864D9829E063C000178FF9 /* Release */,
			);
			defaultConfigurationIsVisible = 0;
			defaultConfigurationName = Release;
		};
/* End XCConfigurationList section */
	};
	rootObject = D1864D7A29E063BF00178FF9 /* Project object */;
}
